PODS:
  - VonageClientSDKVideo (2.32.1)

DEPENDENCIES:
  - VonageClientSDKVideo (= 2.32.1)

SPEC REPOS:
  trunk:
    - VonageClientSDKVideo

SPEC CHECKSUMS:
  VonageClientSDKVideo: b456e49a9842884b60c8f1673efeee37a749127c

PODFILE CHECKSUM: 4f96ffa7c39f0b87d7bf183359587032cca2532d

COCOAPODS: 1.16.2
